// !$*UTF8*$!
{
	archiveVersion = 1;
	classes = {
	};
	objectVersion = 56;
	objects = {

/* Begin PBXBuildFile section */
		EA0869812AC1675700285838 /* AppDelegate.swift in Sources */ = {isa = PBXBuildFile; fileRef = EA0869802AC1675700285838 /* AppDelegate.swift */; };
		EA0869832AC1675700285838 /* SceneDelegate.swift in Sources */ = {isa = PBXBuildFile; fileRef = EA0869822AC1675700285838 /* SceneDelegate.swift */; };
		EA0869852AC1675700285838 /* CalendarViewController.swift in Sources */ = {isa = PBXBuildFile; fileRef = EA0869842AC1675700285838 /* CalendarViewController.swift */; };
		EA08698A2AC1675800285838 /* Assets.xcassets in Resources */ = {isa = PBXBuildFile; fileRef = EA0869892AC1675800285838 /* Assets.xcassets */; };
		EA08698D2AC1675800285838 /* LaunchScreen.storyboard in Resources */ = {isa = PBXBuildFile; fileRef = EA08698B2AC1675800285838 /* LaunchScreen.storyboard */; };
		EA0869952AC208D400285838 /* TabBarController.swift in Sources */ = {isa = PBXBuildFile; fileRef = EA0869942AC208D400285838 /* TabBarController.swift */; };
		EA0869972AC209BA00285838 /* StatisticsViewController.swift in Sources */ = {isa = PBXBuildFile; fileRef = EA0869962AC209BA00285838 /* StatisticsViewController.swift */; };
		EA08699A2AC209FA00285838 /* SettingViewController.swift in Sources */ = {isa = PBXBuildFile; fileRef = EA0869992AC209FA00285838 /* SettingViewController.swift */; };
		EA08699D2AC227A000285838 /* Alamofire in Frameworks */ = {isa = PBXBuildFile; productRef = EA08699C2AC227A000285838 /* Alamofire */; };
		EA0869A02AC227B500285838 /* Kingfisher in Frameworks */ = {isa = PBXBuildFile; productRef = EA08699F2AC227B500285838 /* Kingfisher */; };
		EA0869A32AC227D200285838 /* Realm in Frameworks */ = {isa = PBXBuildFile; productRef = EA0869A22AC227D200285838 /* Realm */; };
		EA0869A52AC227D200285838 /* RealmSwift in Frameworks */ = {isa = PBXBuildFile; productRef = EA0869A42AC227D200285838 /* RealmSwift */; };
		EA0869A82AC227EB00285838 /* SnapKit in Frameworks */ = {isa = PBXBuildFile; productRef = EA0869A72AC227EB00285838 /* SnapKit */; };
		EA0869AB2AC2293600285838 /* BaseViewController.swift in Sources */ = {isa = PBXBuildFile; fileRef = EA0869AA2AC2293600285838 /* BaseViewController.swift */; };
		EA0869AE2AC229CC00285838 /* Color.swift in Sources */ = {isa = PBXBuildFile; fileRef = EA0869AD2AC229CC00285838 /* Color.swift */; };
		EA0869B02AC22C0300285838 /* BaseCollectionViewCell.swift in Sources */ = {isa = PBXBuildFile; fileRef = EA0869AF2AC22C0300285838 /* BaseCollectionViewCell.swift */; };
		EA0869B42AC321ED00285838 /* AddDiaryViewController.swift in Sources */ = {isa = PBXBuildFile; fileRef = EA0869B32AC321ED00285838 /* AddDiaryViewController.swift */; };
		EA0869B72AC3503600285838 /* AddDiaryCollectionViewCell.swift in Sources */ = {isa = PBXBuildFile; fileRef = EA0869B62AC3503600285838 /* AddDiaryCollectionViewCell.swift */; };
		EA0869BA2AC4719B00285838 /* HGCircularSlider in Frameworks */ = {isa = PBXBuildFile; productRef = EA0869B92AC4719B00285838 /* HGCircularSlider */; };
		EA0869BF2AC4A2F500285838 /* BedTimeViewController.swift in Sources */ = {isa = PBXBuildFile; fileRef = EA0869BE2AC4A2F500285838 /* BedTimeViewController.swift */; };
		EA5DC5322ACC9E4900D136F8 /* Constants.swift in Sources */ = {isa = PBXBuildFile; fileRef = EA5DC5312ACC9E4900D136F8 /* Constants.swift */; };
		EA5DC5352ACC9FED00D136F8 /* UIViewController+.swift in Sources */ = {isa = PBXBuildFile; fileRef = EA5DC5342ACC9FED00D136F8 /* UIViewController+.swift */; };
		EA5DC5602ACDD67E00D136F8 /* DailyLog.swift in Sources */ = {isa = PBXBuildFile; fileRef = EA5DC55F2ACDD67E00D136F8 /* DailyLog.swift */; };
		EA5DC5652ACDE47C00D136F8 /* Observable.swift in Sources */ = {isa = PBXBuildFile; fileRef = EA5DC5642ACDE47C00D136F8 /* Observable.swift */; };
		EA5DC5672ACDE76900D136F8 /* SleepViewModel.swift in Sources */ = {isa = PBXBuildFile; fileRef = EA5DC5662ACDE76900D136F8 /* SleepViewModel.swift */; };
		EA5DC5782ACF187900D136F8 /* AddDiaryTestViewController.swift in Sources */ = {isa = PBXBuildFile; fileRef = EA5DC5772ACF187900D136F8 /* AddDiaryTestViewController.swift */; };
		EA5DC57A2ACF18D400D136F8 /* AddDiaryTestTableViewCell.swift in Sources */ = {isa = PBXBuildFile; fileRef = EA5DC5792ACF18D400D136F8 /* AddDiaryTestTableViewCell.swift */; };
		EA5DC57C2ACF191100D136F8 /* BaseTableViewCell.swift in Sources */ = {isa = PBXBuildFile; fileRef = EA5DC57B2ACF191100D136F8 /* BaseTableViewCell.swift */; };
		EA5DC5DC2AD32B8E00D136F8 /* UIColor+.swift in Sources */ = {isa = PBXBuildFile; fileRef = EA5DC5DB2AD32B8E00D136F8 /* UIColor+.swift */; };
/* End PBXBuildFile section */

/* Begin PBXFileReference section */
		EA08697D2AC1675700285838 /* Simlog.app */ = {isa = PBXFileReference; explicitFileType = wrapper.application; includeInIndex = 0; path = Simlog.app; sourceTree = BUILT_PRODUCTS_DIR; };
		EA0869802AC1675700285838 /* AppDelegate.swift */ = {isa = PBXFileReference; lastKnownFileType = sourcecode.swift; path = AppDelegate.swift; sourceTree = "<group>"; };
		EA0869822AC1675700285838 /* SceneDelegate.swift */ = {isa = PBXFileReference; lastKnownFileType = sourcecode.swift; path = SceneDelegate.swift; sourceTree = "<group>"; };
		EA0869842AC1675700285838 /* CalendarViewController.swift */ = {isa = PBXFileReference; lastKnownFileType = sourcecode.swift; path = CalendarViewController.swift; sourceTree = "<group>"; };
		EA0869892AC1675800285838 /* Assets.xcassets */ = {isa = PBXFileReference; lastKnownFileType = folder.assetcatalog; path = Assets.xcassets; sourceTree = "<group>"; };
		EA08698C2AC1675800285838 /* Base */ = {isa = PBXFileReference; lastKnownFileType = file.storyboard; name = Base; path = Base.lproj/LaunchScreen.storyboard; sourceTree = "<group>"; };
		EA08698E2AC1675800285838 /* Info.plist */ = {isa = PBXFileReference; lastKnownFileType = text.plist.xml; path = Info.plist; sourceTree = "<group>"; };
		EA0869942AC208D400285838 /* TabBarController.swift */ = {isa = PBXFileReference; lastKnownFileType = sourcecode.swift; path = TabBarController.swift; sourceTree = "<group>"; };
		EA0869962AC209BA00285838 /* StatisticsViewController.swift */ = {isa = PBXFileReference; lastKnownFileType = sourcecode.swift; path = StatisticsViewController.swift; sourceTree = "<group>"; };
		EA0869992AC209FA00285838 /* SettingViewController.swift */ = {isa = PBXFileReference; lastKnownFileType = sourcecode.swift; path = SettingViewController.swift; sourceTree = "<group>"; };
		EA0869AA2AC2293600285838 /* BaseViewController.swift */ = {isa = PBXFileReference; lastKnownFileType = sourcecode.swift; path = BaseViewController.swift; sourceTree = "<group>"; };
		EA0869AD2AC229CC00285838 /* Color.swift */ = {isa = PBXFileReference; lastKnownFileType = sourcecode.swift; path = Color.swift; sourceTree = "<group>"; };
		EA0869AF2AC22C0300285838 /* BaseCollectionViewCell.swift */ = {isa = PBXFileReference; lastKnownFileType = sourcecode.swift; path = BaseCollectionViewCell.swift; sourceTree = "<group>"; };
		EA0869B32AC321ED00285838 /* AddDiaryViewController.swift */ = {isa = PBXFileReference; lastKnownFileType = sourcecode.swift; path = AddDiaryViewController.swift; sourceTree = "<group>"; };
		EA0869B62AC3503600285838 /* AddDiaryCollectionViewCell.swift */ = {isa = PBXFileReference; lastKnownFileType = sourcecode.swift; path = AddDiaryCollectionViewCell.swift; sourceTree = "<group>"; };
		EA0869BE2AC4A2F500285838 /* BedTimeViewController.swift */ = {isa = PBXFileReference; lastKnownFileType = sourcecode.swift; path = BedTimeViewController.swift; sourceTree = "<group>"; };
		EA5DC5312ACC9E4900D136F8 /* Constants.swift */ = {isa = PBXFileReference; lastKnownFileType = sourcecode.swift; path = Constants.swift; sourceTree = "<group>"; };
		EA5DC5342ACC9FED00D136F8 /* UIViewController+.swift */ = {isa = PBXFileReference; lastKnownFileType = sourcecode.swift; path = "UIViewController+.swift"; sourceTree = "<group>"; };
		EA5DC55F2ACDD67E00D136F8 /* DailyLog.swift */ = {isa = PBXFileReference; lastKnownFileType = sourcecode.swift; path = DailyLog.swift; sourceTree = "<group>"; };
		EA5DC5642ACDE47C00D136F8 /* Observable.swift */ = {isa = PBXFileReference; lastKnownFileType = sourcecode.swift; path = Observable.swift; sourceTree = "<group>"; };
		EA5DC5662ACDE76900D136F8 /* SleepViewModel.swift */ = {isa = PBXFileReference; lastKnownFileType = sourcecode.swift; path = SleepViewModel.swift; sourceTree = "<group>"; };
		EA5DC5772ACF187900D136F8 /* AddDiaryTestViewController.swift */ = {isa = PBXFileReference; lastKnownFileType = sourcecode.swift; path = AddDiaryTestViewController.swift; sourceTree = "<group>"; };
		EA5DC5792ACF18D400D136F8 /* AddDiaryTestTableViewCell.swift */ = {isa = PBXFileReference; lastKnownFileType = sourcecode.swift; path = AddDiaryTestTableViewCell.swift; sourceTree = "<group>"; };
		EA5DC57B2ACF191100D136F8 /* BaseTableViewCell.swift */ = {isa = PBXFileReference; lastKnownFileType = sourcecode.swift; path = BaseTableViewCell.swift; sourceTree = "<group>"; };
		EA5DC5DB2AD32B8E00D136F8 /* UIColor+.swift */ = {isa = PBXFileReference; lastKnownFileType = sourcecode.swift; path = "UIColor+.swift"; sourceTree = "<group>"; };
/* End PBXFileReference section */

/* Begin PBXFrameworksBuildPhase section */
		EA08697A2AC1675700285838 /* Frameworks */ = {
			isa = PBXFrameworksBuildPhase;
			buildActionMask = 2147483647;
			files = (
				EA0869A52AC227D200285838 /* RealmSwift in Frameworks */,
				EA0869A32AC227D200285838 /* Realm in Frameworks */,
				EA0869A02AC227B500285838 /* Kingfisher in Frameworks */,
				EA08699D2AC227A000285838 /* Alamofire in Frameworks */,
				EA0869A82AC227EB00285838 /* SnapKit in Frameworks */,
				EA0869BA2AC4719B00285838 /* HGCircularSlider in Frameworks */,
			);
			runOnlyForDeploymentPostprocessing = 0;
		};
/* End PBXFrameworksBuildPhase section */

/* Begin PBXGroup section */
		EA0869742AC1675700285838 = {
			isa = PBXGroup;
			children = (
				EA08697F2AC1675700285838 /* Simlog */,
				EA08697E2AC1675700285838 /* Products */,
			);
			sourceTree = "<group>";
		};
		EA08697E2AC1675700285838 /* Products */ = {
			isa = PBXGroup;
			children = (
				EA08697D2AC1675700285838 /* Simlog.app */,
			);
			name = Products;
			sourceTree = "<group>";
		};
		EA08697F2AC1675700285838 /* Simlog */ = {
			isa = PBXGroup;
			children = (
				EA0869802AC1675700285838 /* AppDelegate.swift */,
				EA0869822AC1675700285838 /* SceneDelegate.swift */,
				EA0869AC2AC2294E00285838 /* Utility */,
				EA5DC5332ACC9FDD00D136F8 /* Extensions */,
				EA5DC55E2ACDD66400D136F8 /* Model */,
				EA0869A92AC2290300285838 /* Base */,
				EA0869982AC209BD00285838 /* ViewControllers */,
				EA5DC5632ACDE2B000D136F8 /* ViewModels */,
				EA0869B52AC34FF100285838 /* Cells */,
				EA0869942AC208D400285838 /* TabBarController.swift */,
				EA5DC5642ACDE47C00D136F8 /* Observable.swift */,
				EA0869892AC1675800285838 /* Assets.xcassets */,
				EA08698B2AC1675800285838 /* LaunchScreen.storyboard */,
				EA08698E2AC1675800285838 /* Info.plist */,
			);
			path = Simlog;
			sourceTree = "<group>";
		};
		EA0869982AC209BD00285838 /* ViewControllers */ = {
			isa = PBXGroup;
			children = (
				EA0869842AC1675700285838 /* CalendarViewController.swift */,
				EA0869B32AC321ED00285838 /* AddDiaryViewController.swift */,
				EA5DC5772ACF187900D136F8 /* AddDiaryTestViewController.swift */,
				EA0869BE2AC4A2F500285838 /* BedTimeViewController.swift */,
				EA0869962AC209BA00285838 /* StatisticsViewController.swift */,
				EA0869992AC209FA00285838 /* SettingViewController.swift */,
			);
			path = ViewControllers;
			sourceTree = "<group>";
		};
		EA0869A92AC2290300285838 /* Base */ = {
			isa = PBXGroup;
			children = (
				EA0869AA2AC2293600285838 /* BaseViewController.swift */,
				EA0869AF2AC22C0300285838 /* BaseCollectionViewCell.swift */,
				EA5DC57B2ACF191100D136F8 /* BaseTableViewCell.swift */,
			);
			path = Base;
			sourceTree = "<group>";
		};
		EA0869AC2AC2294E00285838 /* Utility */ = {
			isa = PBXGroup;
			children = (
				EA0869AD2AC229CC00285838 /* Color.swift */,
				EA5DC5312ACC9E4900D136F8 /* Constants.swift */,
			);
			path = Utility;
			sourceTree = "<group>";
		};
		EA0869B52AC34FF100285838 /* Cells */ = {
			isa = PBXGroup;
			children = (
				EA0869B62AC3503600285838 /* AddDiaryCollectionViewCell.swift */,
				EA5DC5792ACF18D400D136F8 /* AddDiaryTestTableViewCell.swift */,
			);
			path = Cells;
			sourceTree = "<group>";
		};
		EA5DC5332ACC9FDD00D136F8 /* Extensions */ = {
			isa = PBXGroup;
			children = (
				EA5DC5342ACC9FED00D136F8 /* UIViewController+.swift */,
				EA5DC5DB2AD32B8E00D136F8 /* UIColor+.swift */,
			);
			path = Extensions;
			sourceTree = "<group>";
		};
		EA5DC55E2ACDD66400D136F8 /* Model */ = {
			isa = PBXGroup;
			children = (
				EA5DC55F2ACDD67E00D136F8 /* DailyLog.swift */,
			);
			path = Model;
			sourceTree = "<group>";
		};
		EA5DC5632ACDE2B000D136F8 /* ViewModels */ = {
			isa = PBXGroup;
			children = (
				EA5DC5612ACDE2A400D136F8 /* DailyLogViewModel.swift */,
				EA5DC5662ACDE76900D136F8 /* SleepViewModel.swift */,
			);
			path = ViewModels;
			sourceTree = "<group>";
		};
/* End PBXGroup section */

/* Begin PBXNativeTarget section */
		EA08697C2AC1675700285838 /* Simlog */ = {
			isa = PBXNativeTarget;
			buildConfigurationList = EA0869912AC1675800285838 /* Build configuration list for PBXNativeTarget "Simlog" */;
			buildPhases = (
				EA0869792AC1675700285838 /* Sources */,
				EA08697A2AC1675700285838 /* Frameworks */,
				EA08697B2AC1675700285838 /* Resources */,
			);
			buildRules = (
			);
			dependencies = (
			);
			name = Simlog;
			packageProductDependencies = (
				EA08699C2AC227A000285838 /* Alamofire */,
				EA08699F2AC227B500285838 /* Kingfisher */,
				EA0869A22AC227D200285838 /* Realm */,
				EA0869A42AC227D200285838 /* RealmSwift */,
				EA0869A72AC227EB00285838 /* SnapKit */,
				EA0869B92AC4719B00285838 /* HGCircularSlider */,
			);
			productName = Simlog;
			productReference = EA08697D2AC1675700285838 /* Simlog.app */;
			productType = "com.apple.product-type.application";
		};
/* End PBXNativeTarget section */

/* Begin PBXProject section */
		EA0869752AC1675700285838 /* Project object */ = {
			isa = PBXProject;
			attributes = {
				BuildIndependentTargetsInParallel = 1;
				LastSwiftUpdateCheck = 1430;
				LastUpgradeCheck = 1430;
				TargetAttributes = {
					EA08697C2AC1675700285838 = {
						CreatedOnToolsVersion = 14.3.1;
					};
				};
			};
			buildConfigurationList = EA0869782AC1675700285838 /* Build configuration list for PBXProject "Simlog" */;
			compatibilityVersion = "Xcode 14.0";
			developmentRegion = en;
			hasScannedForEncodings = 0;
			knownRegions = (
				en,
				Base,
			);
			mainGroup = EA0869742AC1675700285838;
			packageReferences = (
				EA08699B2AC227A000285838 /* XCRemoteSwiftPackageReference "Alamofire" */,
				EA08699E2AC227B500285838 /* XCRemoteSwiftPackageReference "Kingfisher" */,
				EA0869A12AC227D200285838 /* XCRemoteSwiftPackageReference "realm-swift" */,
				EA0869A62AC227EA00285838 /* XCRemoteSwiftPackageReference "SnapKit" */,
				EA0869B82AC4719B00285838 /* XCRemoteSwiftPackageReference "HGCircularSlider" */,
			);
			productRefGroup = EA08697E2AC1675700285838 /* Products */;
			projectDirPath = "";
			projectRoot = "";
			targets = (
				EA08697C2AC1675700285838 /* Simlog */,
			);
		};
/* End PBXProject section */

/* Begin PBXResourcesBuildPhase section */
		EA08697B2AC1675700285838 /* Resources */ = {
			isa = PBXResourcesBuildPhase;
			buildActionMask = 2147483647;
			files = (
				EA08698D2AC1675800285838 /* LaunchScreen.storyboard in Resources */,
				EA08698A2AC1675800285838 /* Assets.xcassets in Resources */,
			);
			runOnlyForDeploymentPostprocessing = 0;
		};
/* End PBXResourcesBuildPhase section */

/* Begin PBXSourcesBuildPhase section */
		EA0869792AC1675700285838 /* Sources */ = {
			isa = PBXSourcesBuildPhase;
			buildActionMask = 2147483647;
			files = (
				EA0869852AC1675700285838 /* CalendarViewController.swift in Sources */,
				EA5DC5672ACDE76900D136F8 /* SleepViewModel.swift in Sources */,
				EA0869972AC209BA00285838 /* StatisticsViewController.swift in Sources */,
				EA0869B02AC22C0300285838 /* BaseCollectionViewCell.swift in Sources */,
				EA5DC57C2ACF191100D136F8 /* BaseTableViewCell.swift in Sources */,
				EA0869BF2AC4A2F500285838 /* BedTimeViewController.swift in Sources */,
				EA0869952AC208D400285838 /* TabBarController.swift in Sources */,
				EA0869812AC1675700285838 /* AppDelegate.swift in Sources */,
				EA0869B72AC3503600285838 /* AddDiaryCollectionViewCell.swift in Sources */,
				EA5DC5602ACDD67E00D136F8 /* DailyLog.swift in Sources */,
				EA5DC5DC2AD32B8E00D136F8 /* UIColor+.swift in Sources */,
				EA5DC5322ACC9E4900D136F8 /* Constants.swift in Sources */,
				EA5DC57A2ACF18D400D136F8 /* AddDiaryTestTableViewCell.swift in Sources */,
				EA5DC5782ACF187900D136F8 /* AddDiaryTestViewController.swift in Sources */,
				EA5DC5352ACC9FED00D136F8 /* UIViewController+.swift in Sources */,
				EA0869832AC1675700285838 /* SceneDelegate.swift in Sources */,
				EA5DC5652ACDE47C00D136F8 /* Observable.swift in Sources */,
				EA0869AE2AC229CC00285838 /* Color.swift in Sources */,
				EA0869AB2AC2293600285838 /* BaseViewController.swift in Sources */,
				EA0869B42AC321ED00285838 /* AddDiaryViewController.swift in Sources */,
				EA08699A2AC209FA00285838 /* SettingViewController.swift in Sources */,
			);
			runOnlyForDeploymentPostprocessing = 0;
		};
/* End PBXSourcesBuildPhase section */

/* Begin PBXVariantGroup section */
		EA08698B2AC1675800285838 /* LaunchScreen.storyboard */ = {
			isa = PBXVariantGroup;
			children = (
				EA08698C2AC1675800285838 /* Base */,
			);
			name = LaunchScreen.storyboard;
			sourceTree = "<group>";
		};
/* End PBXVariantGroup section */

/* Begin XCBuildConfiguration section */
		EA08698F2AC1675800285838 /* Debug */ = {
			isa = XCBuildConfiguration;
			buildSettings = {
				ALWAYS_SEARCH_USER_PATHS = NO;
				CLANG_ANALYZER_NONNULL = YES;
				CLANG_ANALYZER_NUMBER_OBJECT_CONVERSION = YES_AGGRESSIVE;
				CLANG_CXX_LANGUAGE_STANDARD = "gnu++20";
				CLANG_ENABLE_MODULES = YES;
				CLANG_ENABLE_OBJC_ARC = YES;
				CLANG_ENABLE_OBJC_WEAK = YES;
				CLANG_WARN_BLOCK_CAPTURE_AUTORELEASING = YES;
				CLANG_WARN_BOOL_CONVERSION = YES;
				CLANG_WARN_COMMA = YES;
				CLANG_WARN_CONSTANT_CONVERSION = YES;
				CLANG_WARN_DEPRECATED_OBJC_IMPLEMENTATIONS = YES;
				CLANG_WARN_DIRECT_OBJC_ISA_USAGE = YES_ERROR;
				CLANG_WARN_DOCUMENTATION_COMMENTS = YES;
				CLANG_WARN_EMPTY_BODY = YES;
				CLANG_WARN_ENUM_CONVERSION = YES;
				CLANG_WARN_INFINITE_RECURSION = YES;
				CLANG_WARN_INT_CONVERSION = YES;
				CLANG_WARN_NON_LITERAL_NULL_CONVERSION = YES;
				CLANG_WARN_OBJC_IMPLICIT_RETAIN_SELF = YES;
				CLANG_WARN_OBJC_LITERAL_CONVERSION = YES;
				CLANG_WARN_OBJC_ROOT_CLASS = YES_ERROR;
				CLANG_WARN_QUOTED_INCLUDE_IN_FRAMEWORK_HEADER = YES;
				CLANG_WARN_RANGE_LOOP_ANALYSIS = YES;
				CLANG_WARN_STRICT_PROTOTYPES = YES;
				CLANG_WARN_SUSPICIOUS_MOVE = YES;
				CLANG_WARN_UNGUARDED_AVAILABILITY = YES_AGGRESSIVE;
				CLANG_WARN_UNREACHABLE_CODE = YES;
				CLANG_WARN__DUPLICATE_METHOD_MATCH = YES;
				COPY_PHASE_STRIP = NO;
				DEBUG_INFORMATION_FORMAT = dwarf;
				ENABLE_STRICT_OBJC_MSGSEND = YES;
				ENABLE_TESTABILITY = YES;
				GCC_C_LANGUAGE_STANDARD = gnu11;
				GCC_DYNAMIC_NO_PIC = NO;
				GCC_NO_COMMON_BLOCKS = YES;
				GCC_OPTIMIZATION_LEVEL = 0;
				GCC_PREPROCESSOR_DEFINITIONS = (
					"DEBUG=1",
					"$(inherited)",
				);
				GCC_WARN_64_TO_32_BIT_CONVERSION = YES;
				GCC_WARN_ABOUT_RETURN_TYPE = YES_ERROR;
				GCC_WARN_UNDECLARED_SELECTOR = YES;
				GCC_WARN_UNINITIALIZED_AUTOS = YES_AGGRESSIVE;
				GCC_WARN_UNUSED_FUNCTION = YES;
				GCC_WARN_UNUSED_VARIABLE = YES;
				IPHONEOS_DEPLOYMENT_TARGET = 15.0;
				MTL_ENABLE_DEBUG_INFO = INCLUDE_SOURCE;
				MTL_FAST_MATH = YES;
				ONLY_ACTIVE_ARCH = YES;
				SDKROOT = iphoneos;
				SWIFT_ACTIVE_COMPILATION_CONDITIONS = DEBUG;
				SWIFT_OPTIMIZATION_LEVEL = "-Onone";
			};
			name = Debug;
		};
		EA0869902AC1675800285838 /* Release */ = {
			isa = XCBuildConfiguration;
			buildSettings = {
				ALWAYS_SEARCH_USER_PATHS = NO;
				CLANG_ANALYZER_NONNULL = YES;
				CLANG_ANALYZER_NUMBER_OBJECT_CONVERSION = YES_AGGRESSIVE;
				CLANG_CXX_LANGUAGE_STANDARD = "gnu++20";
				CLANG_ENABLE_MODULES = YES;
				CLANG_ENABLE_OBJC_ARC = YES;
				CLANG_ENABLE_OBJC_WEAK = YES;
				CLANG_WARN_BLOCK_CAPTURE_AUTORELEASING = YES;
				CLANG_WARN_BOOL_CONVERSION = YES;
				CLANG_WARN_COMMA = YES;
				CLANG_WARN_CONSTANT_CONVERSION = YES;
				CLANG_WARN_DEPRECATED_OBJC_IMPLEMENTATIONS = YES;
				CLANG_WARN_DIRECT_OBJC_ISA_USAGE = YES_ERROR;
				CLANG_WARN_DOCUMENTATION_COMMENTS = YES;
				CLANG_WARN_EMPTY_BODY = YES;
				CLANG_WARN_ENUM_CONVERSION = YES;
				CLANG_WARN_INFINITE_RECURSION = YES;
				CLANG_WARN_INT_CONVERSION = YES;
				CLANG_WARN_NON_LITERAL_NULL_CONVERSION = YES;
				CLANG_WARN_OBJC_IMPLICIT_RETAIN_SELF = YES;
				CLANG_WARN_OBJC_LITERAL_CONVERSION = YES;
				CLANG_WARN_OBJC_ROOT_CLASS = YES_ERROR;
				CLANG_WARN_QUOTED_INCLUDE_IN_FRAMEWORK_HEADER = YES;
				CLANG_WARN_RANGE_LOOP_ANALYSIS = YES;
				CLANG_WARN_STRICT_PROTOTYPES = YES;
				CLANG_WARN_SUSPICIOUS_MOVE = YES;
				CLANG_WARN_UNGUARDED_AVAILABILITY = YES_AGGRESSIVE;
				CLANG_WARN_UNREACHABLE_CODE = YES;
				CLANG_WARN__DUPLICATE_METHOD_MATCH = YES;
				COPY_PHASE_STRIP = NO;
				DEBUG_INFORMATION_FORMAT = "dwarf-with-dsym";
				ENABLE_NS_ASSERTIONS = NO;
				ENABLE_STRICT_OBJC_MSGSEND = YES;
				GCC_C_LANGUAGE_STANDARD = gnu11;
				GCC_NO_COMMON_BLOCKS = YES;
				GCC_WARN_64_TO_32_BIT_CONVERSION = YES;
				GCC_WARN_ABOUT_RETURN_TYPE = YES_ERROR;
				GCC_WARN_UNDECLARED_SELECTOR = YES;
				GCC_WARN_UNINITIALIZED_AUTOS = YES_AGGRESSIVE;
				GCC_WARN_UNUSED_FUNCTION = YES;
				GCC_WARN_UNUSED_VARIABLE = YES;
				IPHONEOS_DEPLOYMENT_TARGET = 15.0;
				MTL_ENABLE_DEBUG_INFO = NO;
				MTL_FAST_MATH = YES;
				SDKROOT = iphoneos;
				SWIFT_COMPILATION_MODE = wholemodule;
				SWIFT_OPTIMIZATION_LEVEL = "-O";
				VALIDATE_PRODUCT = YES;
			};
			name = Release;
		};
		EA0869922AC1675800285838 /* Debug */ = {
			isa = XCBuildConfiguration;
			buildSettings = {
				ASSETCATALOG_COMPILER_APPICON_NAME = AppIcon;
				ASSETCATALOG_COMPILER_GLOBAL_ACCENT_COLOR_NAME = AccentColor;
				CODE_SIGN_STYLE = Automatic;
				CURRENT_PROJECT_VERSION = 1;
				DEVELOPMENT_TEAM = 62QY899CB7;
				GENERATE_INFOPLIST_FILE = YES;
				INFOPLIST_FILE = Simlog/Info.plist;
				INFOPLIST_KEY_UIApplicationSupportsIndirectInputEvents = YES;
				INFOPLIST_KEY_UILaunchStoryboardName = LaunchScreen;
				INFOPLIST_KEY_UISupportedInterfaceOrientations = UIInterfaceOrientationPortrait;
				INFOPLIST_KEY_UISupportedInterfaceOrientations_iPad = "UIInterfaceOrientationLandscapeLeft UIInterfaceOrientationLandscapeRight UIInterfaceOrientationPortrait UIInterfaceOrientationPortraitUpsideDown";
				IPHONEOS_DEPLOYMENT_TARGET = 15.0;
				LD_RUNPATH_SEARCH_PATHS = (
					"$(inherited)",
					"@executable_path/Frameworks",
				);
				MARKETING_VERSION = 1.0;
				PRODUCT_BUNDLE_IDENTIFIER = com.chap.Simlog;
				PRODUCT_NAME = "$(TARGET_NAME)";
				SUPPORTED_PLATFORMS = "iphoneos iphonesimulator";
				SUPPORTS_MACCATALYST = NO;
				SUPPORTS_MAC_DESIGNED_FOR_IPHONE_IPAD = NO;
				SWIFT_EMIT_LOC_STRINGS = YES;
				SWIFT_VERSION = 5.0;
				TARGETED_DEVICE_FAMILY = 1;
			};
			name = Debug;
		};
		EA0869932AC1675800285838 /* Release */ = {
			isa = XCBuildConfiguration;
			buildSettings = {
				ASSETCATALOG_COMPILER_APPICON_NAME = AppIcon;
				ASSETCATALOG_COMPILER_GLOBAL_ACCENT_COLOR_NAME = AccentColor;
				CODE_SIGN_STYLE = Automatic;
				CURRENT_PROJECT_VERSION = 1;
				DEVELOPMENT_TEAM = 62QY899CB7;
				GENERATE_INFOPLIST_FILE = YES;
				INFOPLIST_FILE = Simlog/Info.plist;
				INFOPLIST_KEY_UIApplicationSupportsIndirectInputEvents = YES;
				INFOPLIST_KEY_UILaunchStoryboardName = LaunchScreen;
				INFOPLIST_KEY_UISupportedInterfaceOrientations = UIInterfaceOrientationPortrait;
				INFOPLIST_KEY_UISupportedInterfaceOrientations_iPad = "UIInterfaceOrientationLandscapeLeft UIInterfaceOrientationLandscapeRight UIInterfaceOrientationPortrait UIInterfaceOrientationPortraitUpsideDown";
				IPHONEOS_DEPLOYMENT_TARGET = 15.0;
				LD_RUNPATH_SEARCH_PATHS = (
					"$(inherited)",
					"@executable_path/Frameworks",
				);
				MARKETING_VERSION = 1.0;
				PRODUCT_BUNDLE_IDENTIFIER = com.chap.Simlog;
				PRODUCT_NAME = "$(TARGET_NAME)";
				SUPPORTED_PLATFORMS = "iphoneos iphonesimulator";
				SUPPORTS_MACCATALYST = NO;
				SUPPORTS_MAC_DESIGNED_FOR_IPHONE_IPAD = NO;
				SWIFT_EMIT_LOC_STRINGS = YES;
				SWIFT_VERSION = 5.0;
				TARGETED_DEVICE_FAMILY = 1;
			};
			name = Release;
		};
/* End XCBuildConfiguration section */

/* Begin XCConfigurationList section */
		EA0869782AC1675700285838 /* Build configuration list for PBXProject "Simlog" */ = {
			isa = XCConfigurationList;
			buildConfigurations = (
				EA08698F2AC1675800285838 /* Debug */,
				EA0869902AC1675800285838 /* Release */,
			);
			defaultConfigurationIsVisible = 0;
			defaultConfigurationName = Release;
		};
		EA0869912AC1675800285838 /* Build configuration list for PBXNativeTarget "Simlog" */ = {
			isa = XCConfigurationList;
			buildConfigurations = (
				EA0869922AC1675800285838 /* Debug */,
				EA0869932AC1675800285838 /* Release */,
			);
			defaultConfigurationIsVisible = 0;
			defaultConfigurationName = Release;
		};
/* End XCConfigurationList section */

/* Begin XCRemoteSwiftPackageReference section */
		EA08699B2AC227A000285838 /* XCRemoteSwiftPackageReference "Alamofire" */ = {
			isa = XCRemoteSwiftPackageReference;
			repositoryURL = "https://github.com/Alamofire/Alamofire";
			requirement = {
				kind = upToNextMajorVersion;
				minimumVersion = 5.0.0;
			};
		};
		EA08699E2AC227B500285838 /* XCRemoteSwiftPackageReference "Kingfisher" */ = {
			isa = XCRemoteSwiftPackageReference;
			repositoryURL = "https://github.com/onevcat/Kingfisher";
			requirement = {
				kind = upToNextMajorVersion;
				minimumVersion = 7.0.0;
			};
		};
		EA0869A12AC227D200285838 /* XCRemoteSwiftPackageReference "realm-swift" */ = {
			isa = XCRemoteSwiftPackageReference;
			repositoryURL = "https://github.com/realm/realm-swift";
			requirement = {
				branch = master;
				kind = branch;
			};
		};
		EA0869A62AC227EA00285838 /* XCRemoteSwiftPackageReference "SnapKit" */ = {
			isa = XCRemoteSwiftPackageReference;
			repositoryURL = "https://github.com/SnapKit/SnapKit";
			requirement = {
				kind = upToNextMajorVersion;
				minimumVersion = 5.0.0;
			};
		};
		EA0869B82AC4719B00285838 /* XCRemoteSwiftPackageReference "HGCircularSlider" */ = {
			isa = XCRemoteSwiftPackageReference;
			repositoryURL = "https://github.com/HamzaGhazouani/HGCircularSlider.git";
			requirement = {
				kind = upToNextMajorVersion;
				minimumVersion = 2.0.0;
			};
		};
/* End XCRemoteSwiftPackageReference section */

/* Begin XCSwiftPackageProductDependency section */
		EA08699C2AC227A000285838 /* Alamofire */ = {
			isa = XCSwiftPackageProductDependency;
			package = EA08699B2AC227A000285838 /* XCRemoteSwiftPackageReference "Alamofire" */;
			productName = Alamofire;
		};
		EA08699F2AC227B500285838 /* Kingfisher */ = {
			isa = XCSwiftPackageProductDependency;
			package = EA08699E2AC227B500285838 /* XCRemoteSwiftPackageReference "Kingfisher" */;
			productName = Kingfisher;
		};
		EA0869A22AC227D200285838 /* Realm */ = {
			isa = XCSwiftPackageProductDependency;
			package = EA0869A12AC227D200285838 /* XCRemoteSwiftPackageReference "realm-swift" */;
			productName = Realm;
		};
		EA0869A42AC227D200285838 /* RealmSwift */ = {
			isa = XCSwiftPackageProductDependency;
			package = EA0869A12AC227D200285838 /* XCRemoteSwiftPackageReference "realm-swift" */;
			productName = RealmSwift;
		};
		EA0869A72AC227EB00285838 /* SnapKit */ = {
			isa = XCSwiftPackageProductDependency;
			package = EA0869A62AC227EA00285838 /* XCRemoteSwiftPackageReference "SnapKit" */;
			productName = SnapKit;
		};
		EA0869B92AC4719B00285838 /* HGCircularSlider */ = {
			isa = XCSwiftPackageProductDependency;
			package = EA0869B82AC4719B00285838 /* XCRemoteSwiftPackageReference "HGCircularSlider" */;
			productName = HGCircularSlider;
		};
/* End XCSwiftPackageProductDependency section */
	};
	rootObject = EA0869752AC1675700285838 /* Project object */;
}
